
Microsoft Visual Studio Solution File, Format Version 12.00
# Visual Studio Version 16
VisualStudioVersion = 16.0.31025.194
MinimumVisualStudioVersion = 10.0.40219.1
Project("{9A19103F-16F7-4668-BE54-9A1E7A4F7556}") = "Store", "Store.csproj", "{DD568EED-4D83-4A60-B64A-85A27C8110EA}"
EndProject
Global
	GlobalSection(SolutionConfigurationPlatforms) = preSolution
		Debug|Any CPU = Debug|Any CPU
		Release|Any CPU = Release|Any CPU
	EndGlobalSection
	GlobalSection(ProjectConfigurationPlatforms) = postSolution
		{DD568EED-4D83-4A60-B64A-85A27C8110EA}.Debug|Any CPU.ActiveCfg = Debug|Any CPU
		{DD568EED-4D83-4A60-B64A-85A27C8110EA}.Debug|Any CPU.Build.0 = Debug|Any CPU
		{DD568EED-4D83-4A60-B64A-85A27C8110EA}.Release|Any CPU.ActiveCfg = Release|Any CPU
		{DD568EED-4D83-4A60-B64A-85A27C8110EA}.Release|Any CPU.Build.0 = Release|Any CPU
	EndGlobalSection
	GlobalSection(SolutionProperties) = preSolution
		HideSolutionNode = FALSE
	EndGlobalSection
	GlobalSection(ExtensibilityGlobals) = postSolution
		SolutionGuid = {551AF34D-5712-431B-AC6A-649631A30A7C}
	EndGlobalSection
EndGlobal
