
Microsoft Visual Studio Solution File, Format Version 12.00
# Visual Studio Version 16
VisualStudioVersion = 16.0.31025.194
MinimumVisualStudioVersion = 10.0.40219.1
Project("{9A19103F-16F7-4668-BE54-9A1E7A4F7556}") = "instance", "instance.csproj", "{31D2EA8E-D138-4B75-B123-738E0FA37EEF}"
EndProject
Project("{9A19103F-16F7-4668-BE54-9A1E7A4F7556}") = "line", "..\line\line.csproj", "{54C269C3-1810-4B30-ABDB-3D84F428E5F2}"
EndProject
Project("{9A19103F-16F7-4668-BE54-9A1E7A4F7556}") = "color", "..\color\color.csproj", "{67ABA699-E339-454F-9CE4-6484158199B3}"
EndProject
Project("{9A19103F-16F7-4668-BE54-9A1E7A4F7556}") = "person", "..\person\person.csproj", "{2E243AAA-87CE-4504-972E-B3FA54236700}"
EndProject
Project("{9A19103F-16F7-4668-BE54-9A1E7A4F7556}") = "Sentence", "..\Sentence\Sentence.csproj", "{5456BDAF-8B02-41A1-A760-D3C7DF3A9A98}"
EndProject
Project("{FAE04EC0-301F-11D3-BF4B-00C04F79EFBC}") = "Library", "..\Library\Library.csproj", "{13C0AB5D-93B0-4AAF-8EF8-ED7F74211832}"
EndProject
Global
	GlobalSection(SolutionConfigurationPlatforms) = preSolution
		Debug|Any CPU = Debug|Any CPU
		Release|Any CPU = Release|Any CPU
	EndGlobalSection
	GlobalSection(ProjectConfigurationPlatforms) = postSolution
		{31D2EA8E-D138-4B75-B123-738E0FA37EEF}.Debug|Any CPU.ActiveCfg = Debug|Any CPU
		{31D2EA8E-D138-4B75-B123-738E0FA37EEF}.Debug|Any CPU.Build.0 = Debug|Any CPU
		{31D2EA8E-D138-4B75-B123-738E0FA37EEF}.Release|Any CPU.ActiveCfg = Release|Any CPU
		{31D2EA8E-D138-4B75-B123-738E0FA37EEF}.Release|Any CPU.Build.0 = Release|Any CPU
		{54C269C3-1810-4B30-ABDB-3D84F428E5F2}.Debug|Any CPU.ActiveCfg = Debug|Any CPU
		{54C269C3-1810-4B30-ABDB-3D84F428E5F2}.Debug|Any CPU.Build.0 = Debug|Any CPU
		{54C269C3-1810-4B30-ABDB-3D84F428E5F2}.Release|Any CPU.ActiveCfg = Release|Any CPU
		{54C269C3-1810-4B30-ABDB-3D84F428E5F2}.Release|Any CPU.Build.0 = Release|Any CPU
		{67ABA699-E339-454F-9CE4-6484158199B3}.Debug|Any CPU.ActiveCfg = Debug|Any CPU
		{67ABA699-E339-454F-9CE4-6484158199B3}.Debug|Any CPU.Build.0 = Debug|Any CPU
		{67ABA699-E339-454F-9CE4-6484158199B3}.Release|Any CPU.ActiveCfg = Release|Any CPU
		{67ABA699-E339-454F-9CE4-6484158199B3}.Release|Any CPU.Build.0 = Release|Any CPU
		{2E243AAA-87CE-4504-972E-B3FA54236700}.Debug|Any CPU.ActiveCfg = Debug|Any CPU
		{2E243AAA-87CE-4504-972E-B3FA54236700}.Debug|Any CPU.Build.0 = Debug|Any CPU
		{2E243AAA-87CE-4504-972E-B3FA54236700}.Release|Any CPU.ActiveCfg = Release|Any CPU
		{2E243AAA-87CE-4504-972E-B3FA54236700}.Release|Any CPU.Build.0 = Release|Any CPU
		{5456BDAF-8B02-41A1-A760-D3C7DF3A9A98}.Debug|Any CPU.ActiveCfg = Debug|Any CPU
		{5456BDAF-8B02-41A1-A760-D3C7DF3A9A98}.Debug|Any CPU.Build.0 = Debug|Any CPU
		{5456BDAF-8B02-41A1-A760-D3C7DF3A9A98}.Release|Any CPU.ActiveCfg = Release|Any CPU
		{5456BDAF-8B02-41A1-A760-D3C7DF3A9A98}.Release|Any CPU.Build.0 = Release|Any CPU
		{13C0AB5D-93B0-4AAF-8EF8-ED7F74211832}.Debug|Any CPU.ActiveCfg = Debug|Any CPU
		{13C0AB5D-93B0-4AAF-8EF8-ED7F74211832}.Debug|Any CPU.Build.0 = Debug|Any CPU
		{13C0AB5D-93B0-4AAF-8EF8-ED7F74211832}.Release|Any CPU.ActiveCfg = Release|Any CPU
		{13C0AB5D-93B0-4AAF-8EF8-ED7F74211832}.Release|Any CPU.Build.0 = Release|Any CPU
	EndGlobalSection
	GlobalSection(SolutionProperties) = preSolution
		HideSolutionNode = FALSE
	EndGlobalSection
	GlobalSection(ExtensibilityGlobals) = postSolution
		SolutionGuid = {A72FB58E-E3DF-430E-8E65-E0A73C0E5D33}
	EndGlobalSection
EndGlobal
