
Microsoft Visual Studio Solution File, Format Version 12.00
# Visual Studio Version 16
VisualStudioVersion = 16.0.31129.286
MinimumVisualStudioVersion = 10.0.40219.1
Project("{FAE04EC0-301F-11D3-BF4B-00C04F79EFBC}") = "fibonacci", "fibonacci.csproj", "{B2CE8528-07C2-47ED-81B1-483ECCD12256}"
EndProject
Global
	GlobalSection(SolutionConfigurationPlatforms) = preSolution
		Debug|Any CPU = Debug|Any CPU
		Release|Any CPU = Release|Any CPU
	EndGlobalSection
	GlobalSection(ProjectConfigurationPlatforms) = postSolution
		{B2CE8528-07C2-47ED-81B1-483ECCD12256}.Debug|Any CPU.ActiveCfg = Debug|Any CPU
		{B2CE8528-07C2-47ED-81B1-483ECCD12256}.Debug|Any CPU.Build.0 = Debug|Any CPU
		{B2CE8528-07C2-47ED-81B1-483ECCD12256}.Release|Any CPU.ActiveCfg = Release|Any CPU
		{B2CE8528-07C2-47ED-81B1-483ECCD12256}.Release|Any CPU.Build.0 = Release|Any CPU
	EndGlobalSection
	GlobalSection(SolutionProperties) = preSolution
		HideSolutionNode = FALSE
	EndGlobalSection
	GlobalSection(ExtensibilityGlobals) = postSolution
		SolutionGuid = {0D96D2C9-F7CE-4437-84AE-233216B53C03}
	EndGlobalSection
EndGlobal
